// !$*UTF8*$!
{
	archiveVersion = 1;
	classes = {
	};
	objectVersion = 50;
	objects = {

/* Begin PBXBuildFile section */
		42E3967C20DF1D6000E9DC04 /* AppDelegate.swift in Sources */ = {isa = PBXBuildFile; fileRef = 42E3967B20DF1D6000E9DC04 /* AppDelegate.swift */; };
		42E3967E20DF1D6000E9DC04 /* ViewController.swift in Sources */ = {isa = PBXBuildFile; fileRef = 42E3967D20DF1D6000E9DC04 /* ViewController.swift */; };
		42E3968120DF1D6000E9DC04 /* Main.storyboard in Resources */ = {isa = PBXBuildFile; fileRef = 42E3967F20DF1D6000E9DC04 /* Main.storyboard */; };
		42E3968320DF1D6200E9DC04 /* Assets.xcassets in Resources */ = {isa = PBXBuildFile; fileRef = 42E3968220DF1D6200E9DC04 /* Assets.xcassets */; };
		42E3968620DF1D6200E9DC04 /* LaunchScreen.storyboard in Resources */ = {isa = PBXBuildFile; fileRef = 42E3968420DF1D6200E9DC04 /* LaunchScreen.storyboard */; };
		42E3969120DF1D6200E9DC04 /* SnipTests.swift in Sources */ = {isa = PBXBuildFile; fileRef = 42E3969020DF1D6200E9DC04 /* SnipTests.swift */; };
		42E3969C20DF1D6200E9DC04 /* SnipUITests.swift in Sources */ = {isa = PBXBuildFile; fileRef = 42E3969B20DF1D6200E9DC04 /* SnipUITests.swift */; };
		5E6B445D3B8DEDF5637285F4 /* Pods_Snip.framework in Frameworks */ = {isa = PBXBuildFile; fileRef = 57C05F025362E53DA05FFA58 /* Pods_Snip.framework */; };
		5F1C06AD6A6E1864FDA0CEF9 /* Pods_SnipUITests.framework in Frameworks */ = {isa = PBXBuildFile; fileRef = 99829B13E2DC74E9924F0B99 /* Pods_SnipUITests.framework */; };
		FDD114ADFC27EBA7AD972DDC /* Pods_SnipTests.framework in Frameworks */ = {isa = PBXBuildFile; fileRef = 34E3A0137B4423CCB2C55888 /* Pods_SnipTests.framework */; };
/* End PBXBuildFile section */

/* Begin PBXContainerItemProxy section */
		42E3968D20DF1D6200E9DC04 /* PBXContainerItemProxy */ = {
			isa = PBXContainerItemProxy;
			containerPortal = 42E3967020DF1D6000E9DC04 /* Project object */;
			proxyType = 1;
			remoteGlobalIDString = 42E3967720DF1D6000E9DC04;
			remoteInfo = Snip;
		};
		42E3969820DF1D6200E9DC04 /* PBXContainerItemProxy */ = {
			isa = PBXContainerItemProxy;
			containerPortal = 42E3967020DF1D6000E9DC04 /* Project object */;
			proxyType = 1;
			remoteGlobalIDString = 42E3967720DF1D6000E9DC04;
			remoteInfo = Snip;
		};
/* End PBXContainerItemProxy section */

/* Begin PBXFileReference section */
		1113F07F4426589588ED3EEA /* Pods-Snip.release.xcconfig */ = {isa = PBXFileReference; includeInIndex = 1; lastKnownFileType = text.xcconfig; name = "Pods-Snip.release.xcconfig"; path = "Pods/Target Support Files/Pods-Snip/Pods-Snip.release.xcconfig"; sourceTree = "<group>"; };
		1B749D2693967E495988EC57 /* Pods-SnipTests.release.xcconfig */ = {isa = PBXFileReference; includeInIndex = 1; lastKnownFileType = text.xcconfig; name = "Pods-SnipTests.release.xcconfig"; path = "Pods/Target Support Files/Pods-SnipTests/Pods-SnipTests.release.xcconfig"; sourceTree = "<group>"; };
		3396135C70C1C7FA37629497 /* Pods-SnipUITests.debug.xcconfig */ = {isa = PBXFileReference; includeInIndex = 1; lastKnownFileType = text.xcconfig; name = "Pods-SnipUITests.debug.xcconfig"; path = "Pods/Target Support Files/Pods-SnipUITests/Pods-SnipUITests.debug.xcconfig"; sourceTree = "<group>"; };
		34E3A0137B4423CCB2C55888 /* Pods_SnipTests.framework */ = {isa = PBXFileReference; explicitFileType = wrapper.framework; includeInIndex = 0; path = Pods_SnipTests.framework; sourceTree = BUILT_PRODUCTS_DIR; };
		3C7F78389A3C2BB1C040D103 /* Pods-SnipTests.debug.xcconfig */ = {isa = PBXFileReference; includeInIndex = 1; lastKnownFileType = text.xcconfig; name = "Pods-SnipTests.debug.xcconfig"; path = "Pods/Target Support Files/Pods-SnipTests/Pods-SnipTests.debug.xcconfig"; sourceTree = "<group>"; };
		42E3967820DF1D6000E9DC04 /* Snip.app */ = {isa = PBXFileReference; explicitFileType = wrapper.application; includeInIndex = 0; path = Snip.app; sourceTree = BUILT_PRODUCTS_DIR; };
		42E3967B20DF1D6000E9DC04 /* AppDelegate.swift */ = {isa = PBXFileReference; lastKnownFileType = sourcecode.swift; path = AppDelegate.swift; sourceTree = "<group>"; };
		42E3967D20DF1D6000E9DC04 /* ViewController.swift */ = {isa = PBXFileReference; lastKnownFileType = sourcecode.swift; path = ViewController.swift; sourceTree = "<group>"; };
		42E3968020DF1D6000E9DC04 /* Base */ = {isa = PBXFileReference; lastKnownFileType = file.storyboard; name = Base; path = Base.lproj/Main.storyboard; sourceTree = "<group>"; };
		42E3968220DF1D6200E9DC04 /* Assets.xcassets */ = {isa = PBXFileReference; lastKnownFileType = folder.assetcatalog; path = Assets.xcassets; sourceTree = "<group>"; };
		42E3968520DF1D6200E9DC04 /* Base */ = {isa = PBXFileReference; lastKnownFileType = file.storyboard; name = Base; path = Base.lproj/LaunchScreen.storyboard; sourceTree = "<group>"; };
		42E3968720DF1D6200E9DC04 /* Info.plist */ = {isa = PBXFileReference; lastKnownFileType = text.plist.xml; path = Info.plist; sourceTree = "<group>"; };
		42E3968C20DF1D6200E9DC04 /* SnipTests.xctest */ = {isa = PBXFileReference; explicitFileType = wrapper.cfbundle; includeInIndex = 0; path = SnipTests.xctest; sourceTree = BUILT_PRODUCTS_DIR; };
		42E3969020DF1D6200E9DC04 /* SnipTests.swift */ = {isa = PBXFileReference; lastKnownFileType = sourcecode.swift; path = SnipTests.swift; sourceTree = "<group>"; };
		42E3969220DF1D6200E9DC04 /* Info.plist */ = {isa = PBXFileReference; lastKnownFileType = text.plist.xml; path = Info.plist; sourceTree = "<group>"; };
		42E3969720DF1D6200E9DC04 /* SnipUITests.xctest */ = {isa = PBXFileReference; explicitFileType = wrapper.cfbundle; includeInIndex = 0; path = SnipUITests.xctest; sourceTree = BUILT_PRODUCTS_DIR; };
		42E3969B20DF1D6200E9DC04 /* SnipUITests.swift */ = {isa = PBXFileReference; lastKnownFileType = sourcecode.swift; path = SnipUITests.swift; sourceTree = "<group>"; };
		42E3969D20DF1D6200E9DC04 /* Info.plist */ = {isa = PBXFileReference; lastKnownFileType = text.plist.xml; path = Info.plist; sourceTree = "<group>"; };
		57C05F025362E53DA05FFA58 /* Pods_Snip.framework */ = {isa = PBXFileReference; explicitFileType = wrapper.framework; includeInIndex = 0; path = Pods_Snip.framework; sourceTree = BUILT_PRODUCTS_DIR; };
		99829B13E2DC74E9924F0B99 /* Pods_SnipUITests.framework */ = {isa = PBXFileReference; explicitFileType = wrapper.framework; includeInIndex = 0; path = Pods_SnipUITests.framework; sourceTree = BUILT_PRODUCTS_DIR; };
		B816EB12A430B89997B2F971 /* Pods-SnipUITests.release.xcconfig */ = {isa = PBXFileReference; includeInIndex = 1; lastKnownFileType = text.xcconfig; name = "Pods-SnipUITests.release.xcconfig"; path = "Pods/Target Support Files/Pods-SnipUITests/Pods-SnipUITests.release.xcconfig"; sourceTree = "<group>"; };
		DE27D7D34C0AC64AB4249DEB /* Pods-Snip.debug.xcconfig */ = {isa = PBXFileReference; includeInIndex = 1; lastKnownFileType = text.xcconfig; name = "Pods-Snip.debug.xcconfig"; path = "Pods/Target Support Files/Pods-Snip/Pods-Snip.debug.xcconfig"; sourceTree = "<group>"; };
/* End PBXFileReference section */

/* Begin PBXFrameworksBuildPhase section */
		42E3967520DF1D6000E9DC04 /* Frameworks */ = {
			isa = PBXFrameworksBuildPhase;
			buildActionMask = 2147483647;
			files = (
				5E6B445D3B8DEDF5637285F4 /* Pods_Snip.framework in Frameworks */,
			);
			runOnlyForDeploymentPostprocessing = 0;
		};
		42E3968920DF1D6200E9DC04 /* Frameworks */ = {
			isa = PBXFrameworksBuildPhase;
			buildActionMask = 2147483647;
			files = (
				FDD114ADFC27EBA7AD972DDC /* Pods_SnipTests.framework in Frameworks */,
			);
			runOnlyForDeploymentPostprocessing = 0;
		};
		42E3969420DF1D6200E9DC04 /* Frameworks */ = {
			isa = PBXFrameworksBuildPhase;
			buildActionMask = 2147483647;
			files = (
				5F1C06AD6A6E1864FDA0CEF9 /* Pods_SnipUITests.framework in Frameworks */,
			);
			runOnlyForDeploymentPostprocessing = 0;
		};
/* End PBXFrameworksBuildPhase section */

/* Begin PBXGroup section */
		42E3966F20DF1D6000E9DC04 = {
			isa = PBXGroup;
			children = (
				42E3967A20DF1D6000E9DC04 /* Snip */,
				42E3968F20DF1D6200E9DC04 /* SnipTests */,
				42E3969A20DF1D6200E9DC04 /* SnipUITests */,
				42E3967920DF1D6000E9DC04 /* Products */,
				E093A8F617AB9363C66B2F4F /* Pods */,
				A888FF3F90E7488F90D5BC6F /* Frameworks */,
			);
			sourceTree = "<group>";
		};
		42E3967920DF1D6000E9DC04 /* Products */ = {
			isa = PBXGroup;
			children = (
				42E3967820DF1D6000E9DC04 /* Snip.app */,
				42E3968C20DF1D6200E9DC04 /* SnipTests.xctest */,
				42E3969720DF1D6200E9DC04 /* SnipUITests.xctest */,
			);
			name = Products;
			sourceTree = "<group>";
		};
		42E3967A20DF1D6000E9DC04 /* Snip */ = {
			isa = PBXGroup;
			children = (
				42E3967B20DF1D6000E9DC04 /* AppDelegate.swift */,
				42E3967D20DF1D6000E9DC04 /* ViewController.swift */,
				42E3967F20DF1D6000E9DC04 /* Main.storyboard */,
				42E3968220DF1D6200E9DC04 /* Assets.xcassets */,
				42E3968420DF1D6200E9DC04 /* LaunchScreen.storyboard */,
				42E3968720DF1D6200E9DC04 /* Info.plist */,
			);
			path = Snip;
			sourceTree = "<group>";
		};
		42E3968F20DF1D6200E9DC04 /* SnipTests */ = {
			isa = PBXGroup;
			children = (
				42E3969020DF1D6200E9DC04 /* SnipTests.swift */,
				42E3969220DF1D6200E9DC04 /* Info.plist */,
			);
			path = SnipTests;
			sourceTree = "<group>";
		};
		42E3969A20DF1D6200E9DC04 /* SnipUITests */ = {
			isa = PBXGroup;
			children = (
				42E3969B20DF1D6200E9DC04 /* SnipUITests.swift */,
				42E3969D20DF1D6200E9DC04 /* Info.plist */,
			);
			path = SnipUITests;
			sourceTree = "<group>";
		};
		A888FF3F90E7488F90D5BC6F /* Frameworks */ = {
			isa = PBXGroup;
			children = (
				57C05F025362E53DA05FFA58 /* Pods_Snip.framework */,
				34E3A0137B4423CCB2C55888 /* Pods_SnipTests.framework */,
				99829B13E2DC74E9924F0B99 /* Pods_SnipUITests.framework */,
			);
			name = Frameworks;
			sourceTree = "<group>";
		};
		E093A8F617AB9363C66B2F4F /* Pods */ = {
			isa = PBXGroup;
			children = (
				DE27D7D34C0AC64AB4249DEB /* Pods-Snip.debug.xcconfig */,
				1113F07F4426589588ED3EEA /* Pods-Snip.release.xcconfig */,
				3C7F78389A3C2BB1C040D103 /* Pods-SnipTests.debug.xcconfig */,
				1B749D2693967E495988EC57 /* Pods-SnipTests.release.xcconfig */,
				3396135C70C1C7FA37629497 /* Pods-SnipUITests.debug.xcconfig */,
				B816EB12A430B89997B2F971 /* Pods-SnipUITests.release.xcconfig */,
			);
			name = Pods;
			sourceTree = "<group>";
		};
/* End PBXGroup section */

/* Begin PBXNativeTarget section */
		42E3967720DF1D6000E9DC04 /* Snip */ = {
			isa = PBXNativeTarget;
			buildConfigurationList = 42E396A020DF1D6200E9DC04 /* Build configuration list for PBXNativeTarget "Snip" */;
			buildPhases = (
				C0471ABA0FF14A12B847F57E /* [CP] Check Pods Manifest.lock */,
				42E3967420DF1D6000E9DC04 /* Sources */,
				42E3967520DF1D6000E9DC04 /* Frameworks */,
				42E3967620DF1D6000E9DC04 /* Resources */,
				A60721B28E1FC8296B0943B5 /* [CP] Embed Pods Frameworks */,
			);
			buildRules = (
			);
			dependencies = (
			);
			name = Snip;
			productName = Snip;
			productReference = 42E3967820DF1D6000E9DC04 /* Snip.app */;
			productType = "com.apple.product-type.application";
		};
		42E3968B20DF1D6200E9DC04 /* SnipTests */ = {
			isa = PBXNativeTarget;
			buildConfigurationList = 42E396A320DF1D6200E9DC04 /* Build configuration list for PBXNativeTarget "SnipTests" */;
			buildPhases = (
				767CDCD54DA90AB72B91613D /* [CP] Check Pods Manifest.lock */,
				42E3968820DF1D6200E9DC04 /* Sources */,
				42E3968920DF1D6200E9DC04 /* Frameworks */,
				42E3968A20DF1D6200E9DC04 /* Resources */,
			);
			buildRules = (
			);
			dependencies = (
				42E3968E20DF1D6200E9DC04 /* PBXTargetDependency */,
			);
			name = SnipTests;
			productName = SnipTests;
			productReference = 42E3968C20DF1D6200E9DC04 /* SnipTests.xctest */;
			productType = "com.apple.product-type.bundle.unit-test";
		};
		42E3969620DF1D6200E9DC04 /* SnipUITests */ = {
			isa = PBXNativeTarget;
			buildConfigurationList = 42E396A620DF1D6200E9DC04 /* Build configuration list for PBXNativeTarget "SnipUITests" */;
			buildPhases = (
				CD62521BD3F640A31D7F23BB /* [CP] Check Pods Manifest.lock */,
				42E3969320DF1D6200E9DC04 /* Sources */,
				42E3969420DF1D6200E9DC04 /* Frameworks */,
				42E3969520DF1D6200E9DC04 /* Resources */,
			);
			buildRules = (
			);
			dependencies = (
				42E3969920DF1D6200E9DC04 /* PBXTargetDependency */,
			);
			name = SnipUITests;
			productName = SnipUITests;
			productReference = 42E3969720DF1D6200E9DC04 /* SnipUITests.xctest */;
			productType = "com.apple.product-type.bundle.ui-testing";
		};
/* End PBXNativeTarget section */

/* Begin PBXProject section */
		42E3967020DF1D6000E9DC04 /* Project object */ = {
			isa = PBXProject;
			attributes = {
				LastSwiftUpdateCheck = 0940;
				LastUpgradeCheck = 0940;
				ORGANIZATIONNAME = "Sameer Khavanekar";
				TargetAttributes = {
					42E3967720DF1D6000E9DC04 = {
						CreatedOnToolsVersion = 9.4.1;
					};
					42E3968B20DF1D6200E9DC04 = {
						CreatedOnToolsVersion = 9.4.1;
						TestTargetID = 42E3967720DF1D6000E9DC04;
					};
					42E3969620DF1D6200E9DC04 = {
						CreatedOnToolsVersion = 9.4.1;
						TestTargetID = 42E3967720DF1D6000E9DC04;
					};
				};
			};
			buildConfigurationList = 42E3967320DF1D6000E9DC04 /* Build configuration list for PBXProject "Snip" */;
			compatibilityVersion = "Xcode 9.3";
			developmentRegion = en;
			hasScannedForEncodings = 0;
			knownRegions = (
				en,
				Base,
			);
			mainGroup = 42E3966F20DF1D6000E9DC04;
			productRefGroup = 42E3967920DF1D6000E9DC04 /* Products */;
			projectDirPath = "";
			projectRoot = "";
			targets = (
				42E3967720DF1D6000E9DC04 /* Snip */,
				42E3968B20DF1D6200E9DC04 /* SnipTests */,
				42E3969620DF1D6200E9DC04 /* SnipUITests */,
			);
		};
/* End PBXProject section */

/* Begin PBXResourcesBuildPhase section */
		42E3967620DF1D6000E9DC04 /* Resources */ = {
			isa = PBXResourcesBuildPhase;
			buildActionMask = 2147483647;
			files = (
				42E3968620DF1D6200E9DC04 /* LaunchScreen.storyboard in Resources */,
				42E3968320DF1D6200E9DC04 /* Assets.xcassets in Resources */,
				42E3968120DF1D6000E9DC04 /* Main.storyboard in Resources */,
			);
			runOnlyForDeploymentPostprocessing = 0;
		};
		42E3968A20DF1D6200E9DC04 /* Resources */ = {
			isa = PBXResourcesBuildPhase;
			buildActionMask = 2147483647;
			files = (
			);
			runOnlyForDeploymentPostprocessing = 0;
		};
		42E3969520DF1D6200E9DC04 /* Resources */ = {
			isa = PBXResourcesBuildPhase;
			buildActionMask = 2147483647;
			files = (
			);
			runOnlyForDeploymentPostprocessing = 0;
		};
/* End PBXResourcesBuildPhase section */

/* Begin PBXShellScriptBuildPhase section */
		767CDCD54DA90AB72B91613D /* [CP] Check Pods Manifest.lock */ = {
			isa = PBXShellScriptBuildPhase;
			buildActionMask = 2147483647;
			files = (
			);
			inputPaths = (
				"${PODS_PODFILE_DIR_PATH}/Podfile.lock",
				"${PODS_ROOT}/Manifest.lock",
			);
			name = "[CP] Check Pods Manifest.lock";
			outputPaths = (
				"$(DERIVED_FILE_DIR)/Pods-SnipTests-checkManifestLockResult.txt",
			);
			runOnlyForDeploymentPostprocessing = 0;
			shellPath = /bin/sh;
			shellScript = "diff \"${PODS_PODFILE_DIR_PATH}/Podfile.lock\" \"${PODS_ROOT}/Manifest.lock\" > /dev/null\nif [ $? != 0 ] ; then\n    # print error to STDERR\n    echo \"error: The sandbox is not in sync with the Podfile.lock. Run 'pod install' or update your CocoaPods installation.\" >&2\n    exit 1\nfi\n# This output is used by Xcode 'outputs' to avoid re-running this script phase.\necho \"SUCCESS\" > \"${SCRIPT_OUTPUT_FILE_0}\"\n";
			showEnvVarsInLog = 0;
		};
		A60721B28E1FC8296B0943B5 /* [CP] Embed Pods Frameworks */ = {
			isa = PBXShellScriptBuildPhase;
			buildActionMask = 2147483647;
			files = (
			);
			inputPaths = (
				"${SRCROOT}/Pods/Target Support Files/Pods-Snip/Pods-Snip-frameworks.sh",
				"${BUILT_PRODUCTS_DIR}/RxSwift/RxSwift.framework",
			);
			name = "[CP] Embed Pods Frameworks";
			outputPaths = (
				"${TARGET_BUILD_DIR}/${FRAMEWORKS_FOLDER_PATH}/RxSwift.framework",
			);
			runOnlyForDeploymentPostprocessing = 0;
			shellPath = /bin/sh;
			shellScript = "\"${SRCROOT}/Pods/Target Support Files/Pods-Snip/Pods-Snip-frameworks.sh\"\n";
			showEnvVarsInLog = 0;
		};
		C0471ABA0FF14A12B847F57E /* [CP] Check Pods Manifest.lock */ = {
			isa = PBXShellScriptBuildPhase;
			buildActionMask = 2147483647;
			files = (
			);
			inputPaths = (
				"${PODS_PODFILE_DIR_PATH}/Podfile.lock",
				"${PODS_ROOT}/Manifest.lock",
			);
			name = "[CP] Check Pods Manifest.lock";
			outputPaths = (
				"$(DERIVED_FILE_DIR)/Pods-Snip-checkManifestLockResult.txt",
			);
			runOnlyForDeploymentPostprocessing = 0;
			shellPath = /bin/sh;
			shellScript = "diff \"${PODS_PODFILE_DIR_PATH}/Podfile.lock\" \"${PODS_ROOT}/Manifest.lock\" > /dev/null\nif [ $? != 0 ] ; then\n    # print error to STDERR\n    echo \"error: The sandbox is not in sync with the Podfile.lock. Run 'pod install' or update your CocoaPods installation.\" >&2\n    exit 1\nfi\n# This output is used by Xcode 'outputs' to avoid re-running this script phase.\necho \"SUCCESS\" > \"${SCRIPT_OUTPUT_FILE_0}\"\n";
			showEnvVarsInLog = 0;
		};
		CD62521BD3F640A31D7F23BB /* [CP] Check Pods Manifest.lock */ = {
			isa = PBXShellScriptBuildPhase;
			buildActionMask = 2147483647;
			files = (
			);
			inputPaths = (
				"${PODS_PODFILE_DIR_PATH}/Podfile.lock",
				"${PODS_ROOT}/Manifest.lock",
			);
			name = "[CP] Check Pods Manifest.lock";
			outputPaths = (
				"$(DERIVED_FILE_DIR)/Pods-SnipUITests-checkManifestLockResult.txt",
			);
			runOnlyForDeploymentPostprocessing = 0;
			shellPath = /bin/sh;
			shellScript = "diff \"${PODS_PODFILE_DIR_PATH}/Podfile.lock\" \"${PODS_ROOT}/Manifest.lock\" > /dev/null\nif [ $? != 0 ] ; then\n    # print error to STDERR\n    echo \"error: The sandbox is not in sync with the Podfile.lock. Run 'pod install' or update your CocoaPods installation.\" >&2\n    exit 1\nfi\n# This output is used by Xcode 'outputs' to avoid re-running this script phase.\necho \"SUCCESS\" > \"${SCRIPT_OUTPUT_FILE_0}\"\n";
			showEnvVarsInLog = 0;
		};
/* End PBXShellScriptBuildPhase section */

/* Begin PBXSourcesBuildPhase section */
		42E3967420DF1D6000E9DC04 /* Sources */ = {
			isa = PBXSourcesBuildPhase;
			buildActionMask = 2147483647;
			files = (
				42E3967E20DF1D6000E9DC04 /* ViewController.swift in Sources */,
				42E3967C20DF1D6000E9DC04 /* AppDelegate.swift in Sources */,
			);
			runOnlyForDeploymentPostprocessing = 0;
		};
		42E3968820DF1D6200E9DC04 /* Sources */ = {
			isa = PBXSourcesBuildPhase;
			buildActionMask = 2147483647;
			files = (
				42E3969120DF1D6200E9DC04 /* SnipTests.swift in Sources */,
			);
			runOnlyForDeploymentPostprocessing = 0;
		};
		42E3969320DF1D6200E9DC04 /* Sources */ = {
			isa = PBXSourcesBuildPhase;
			buildActionMask = 2147483647;
			files = (
				42E3969C20DF1D6200E9DC04 /* SnipUITests.swift in Sources */,
			);
			runOnlyForDeploymentPostprocessing = 0;
		};
/* End PBXSourcesBuildPhase section */

/* Begin PBXTargetDependency section */
		42E3968E20DF1D6200E9DC04 /* PBXTargetDependency */ = {
			isa = PBXTargetDependency;
			target = 42E3967720DF1D6000E9DC04 /* Snip */;
			targetProxy = 42E3968D20DF1D6200E9DC04 /* PBXContainerItemProxy */;
		};
		42E3969920DF1D6200E9DC04 /* PBXTargetDependency */ = {
			isa = PBXTargetDependency;
			target = 42E3967720DF1D6000E9DC04 /* Snip */;
			targetProxy = 42E3969820DF1D6200E9DC04 /* PBXContainerItemProxy */;
		};
/* End PBXTargetDependency section */

/* Begin PBXVariantGroup section */
		42E3967F20DF1D6000E9DC04 /* Main.storyboard */ = {
			isa = PBXVariantGroup;
			children = (
				42E3968020DF1D6000E9DC04 /* Base */,
			);
			name = Main.storyboard;
			sourceTree = "<group>";
		};
		42E3968420DF1D6200E9DC04 /* LaunchScreen.storyboard */ = {
			isa = PBXVariantGroup;
			children = (
				42E3968520DF1D6200E9DC04 /* Base */,
			);
			name = LaunchScreen.storyboard;
			sourceTree = "<group>";
		};
/* End PBXVariantGroup section */

/* Begin XCBuildConfiguration section */
		42E3969E20DF1D6200E9DC04 /* Debug */ = {
			isa = XCBuildConfiguration;
			buildSettings = {
				ALWAYS_SEARCH_USER_PATHS = NO;
				CLANG_ANALYZER_NONNULL = YES;
				CLANG_ANALYZER_NUMBER_OBJECT_CONVERSION = YES_AGGRESSIVE;
				CLANG_CXX_LANGUAGE_STANDARD = "gnu++14";
				CLANG_CXX_LIBRARY = "libc++";
				CLANG_ENABLE_MODULES = YES;
				CLANG_ENABLE_OBJC_ARC = YES;
				CLANG_ENABLE_OBJC_WEAK = YES;
				CLANG_WARN_BLOCK_CAPTURE_AUTORELEASING = YES;
				CLANG_WARN_BOOL_CONVERSION = YES;
				CLANG_WARN_COMMA = YES;
				CLANG_WARN_CONSTANT_CONVERSION = YES;
				CLANG_WARN_DEPRECATED_OBJC_IMPLEMENTATIONS = YES;
				CLANG_WARN_DIRECT_OBJC_ISA_USAGE = YES_ERROR;
				CLANG_WARN_DOCUMENTATION_COMMENTS = YES;
				CLANG_WARN_EMPTY_BODY = YES;
				CLANG_WARN_ENUM_CONVERSION = YES;
				CLANG_WARN_INFINITE_RECURSION = YES;
				CLANG_WARN_INT_CONVERSION = YES;
				CLANG_WARN_NON_LITERAL_NULL_CONVERSION = YES;
				CLANG_WARN_OBJC_IMPLICIT_RETAIN_SELF = YES;
				CLANG_WARN_OBJC_LITERAL_CONVERSION = YES;
				CLANG_WARN_OBJC_ROOT_CLASS = YES_ERROR;
				CLANG_WARN_RANGE_LOOP_ANALYSIS = YES;
				CLANG_WARN_STRICT_PROTOTYPES = YES;
				CLANG_WARN_SUSPICIOUS_MOVE = YES;
				CLANG_WARN_UNGUARDED_AVAILABILITY = YES_AGGRESSIVE;
				CLANG_WARN_UNREACHABLE_CODE = YES;
				CLANG_WARN__DUPLICATE_METHOD_MATCH = YES;
				CODE_SIGN_IDENTITY = "iPhone Developer";
				COPY_PHASE_STRIP = NO;
				DEBUG_INFORMATION_FORMAT = dwarf;
				ENABLE_STRICT_OBJC_MSGSEND = YES;
				ENABLE_TESTABILITY = YES;
				GCC_C_LANGUAGE_STANDARD = gnu11;
				GCC_DYNAMIC_NO_PIC = NO;
				GCC_NO_COMMON_BLOCKS = YES;
				GCC_OPTIMIZATION_LEVEL = 0;
				GCC_PREPROCESSOR_DEFINITIONS = (
					"DEBUG=1",
					"$(inherited)",
				);
				GCC_WARN_64_TO_32_BIT_CONVERSION = YES;
				GCC_WARN_ABOUT_RETURN_TYPE = YES_ERROR;
				GCC_WARN_UNDECLARED_SELECTOR = YES;
				GCC_WARN_UNINITIALIZED_AUTOS = YES_AGGRESSIVE;
				GCC_WARN_UNUSED_FUNCTION = YES;
				GCC_WARN_UNUSED_VARIABLE = YES;
				IPHONEOS_DEPLOYMENT_TARGET = 11.4;
				MTL_ENABLE_DEBUG_INFO = YES;
				ONLY_ACTIVE_ARCH = YES;
				SDKROOT = iphoneos;
				SWIFT_ACTIVE_COMPILATION_CONDITIONS = DEBUG;
				SWIFT_OPTIMIZATION_LEVEL = "-Onone";
			};
			name = Debug;
		};
		42E3969F20DF1D6200E9DC04 /* Release */ = {
			isa = XCBuildConfiguration;
			buildSettings = {
				ALWAYS_SEARCH_USER_PATHS = NO;
				CLANG_ANALYZER_NONNULL = YES;
				CLANG_ANALYZER_NUMBER_OBJECT_CONVERSION = YES_AGGRESSIVE;
				CLANG_CXX_LANGUAGE_STANDARD = "gnu++14";
				CLANG_CXX_LIBRARY = "libc++";
				CLANG_ENABLE_MODULES = YES;
				CLANG_ENABLE_OBJC_ARC = YES;
				CLANG_ENABLE_OBJC_WEAK = YES;
				CLANG_WARN_BLOCK_CAPTURE_AUTORELEASING = YES;
				CLANG_WARN_BOOL_CONVERSION = YES;
				CLANG_WARN_COMMA = YES;
				CLANG_WARN_CONSTANT_CONVERSION = YES;
				CLANG_WARN_DEPRECATED_OBJC_IMPLEMENTATIONS = YES;
				CLANG_WARN_DIRECT_OBJC_ISA_USAGE = YES_ERROR;
				CLANG_WARN_DOCUMENTATION_COMMENTS = YES;
				CLANG_WARN_EMPTY_BODY = YES;
				CLANG_WARN_ENUM_CONVERSION = YES;
				CLANG_WARN_INFINITE_RECURSION = YES;
				CLANG_WARN_INT_CONVERSION = YES;
				CLANG_WARN_NON_LITERAL_NULL_CONVERSION = YES;
				CLANG_WARN_OBJC_IMPLICIT_RETAIN_SELF = YES;
				CLANG_WARN_OBJC_LITERAL_CONVERSION = YES;
				CLANG_WARN_OBJC_ROOT_CLASS = YES_ERROR;
				CLANG_WARN_RANGE_LOOP_ANALYSIS = YES;
				CLANG_WARN_STRICT_PROTOTYPES = YES;
				CLANG_WARN_SUSPICIOUS_MOVE = YES;
				CLANG_WARN_UNGUARDED_AVAILABILITY = YES_AGGRESSIVE;
				CLANG_WARN_UNREACHABLE_CODE = YES;
				CLANG_WARN__DUPLICATE_METHOD_MATCH = YES;
				CODE_SIGN_IDENTITY = "iPhone Developer";
				COPY_PHASE_STRIP = NO;
				DEBUG_INFORMATION_FORMAT = "dwarf-with-dsym";
				ENABLE_NS_ASSERTIONS = NO;
				ENABLE_STRICT_OBJC_MSGSEND = YES;
				GCC_C_LANGUAGE_STANDARD = gnu11;
				GCC_NO_COMMON_BLOCKS = YES;
				GCC_WARN_64_TO_32_BIT_CONVERSION = YES;
				GCC_WARN_ABOUT_RETURN_TYPE = YES_ERROR;
				GCC_WARN_UNDECLARED_SELECTOR = YES;
				GCC_WARN_UNINITIALIZED_AUTOS = YES_AGGRESSIVE;
				GCC_WARN_UNUSED_FUNCTION = YES;
				GCC_WARN_UNUSED_VARIABLE = YES;
				IPHONEOS_DEPLOYMENT_TARGET = 11.4;
				MTL_ENABLE_DEBUG_INFO = NO;
				SDKROOT = iphoneos;
				SWIFT_COMPILATION_MODE = wholemodule;
				SWIFT_OPTIMIZATION_LEVEL = "-O";
				VALIDATE_PRODUCT = YES;
			};
			name = Release;
		};
		42E396A120DF1D6200E9DC04 /* Debug */ = {
			isa = XCBuildConfiguration;
			baseConfigurationReference = DE27D7D34C0AC64AB4249DEB /* Pods-Snip.debug.xcconfig */;
			buildSettings = {
				ASSETCATALOG_COMPILER_APPICON_NAME = AppIcon;
				CODE_SIGN_STYLE = Automatic;
				DEVELOPMENT_TEAM = 6X8EXGXZW8;
				INFOPLIST_FILE = Snip/Info.plist;
				LD_RUNPATH_SEARCH_PATHS = (
					"$(inherited)",
					"@executable_path/Frameworks",
				);
				PRODUCT_BUNDLE_IDENTIFIER = com.sameerkhavanekar.Snip;
				PRODUCT_NAME = "$(TARGET_NAME)";
				SWIFT_VERSION = 4.0;
				TARGETED_DEVICE_FAMILY = "1,2";
			};
			name = Debug;
		};
		42E396A220DF1D6200E9DC04 /* Release */ = {
			isa = XCBuildConfiguration;
			baseConfigurationReference = 1113F07F4426589588ED3EEA /* Pods-Snip.release.xcconfig */;
			buildSettings = {
				ASSETCATALOG_COMPILER_APPICON_NAME = AppIcon;
				CODE_SIGN_STYLE = Automatic;
				DEVELOPMENT_TEAM = 6X8EXGXZW8;
				INFOPLIST_FILE = Snip/Info.plist;
				LD_RUNPATH_SEARCH_PATHS = (
					"$(inherited)",
					"@executable_path/Frameworks",
				);
				PRODUCT_BUNDLE_IDENTIFIER = com.sameerkhavanekar.Snip;
				PRODUCT_NAME = "$(TARGET_NAME)";
				SWIFT_VERSION = 4.0;
				TARGETED_DEVICE_FAMILY = "1,2";
			};
			name = Release;
		};
		42E396A420DF1D6200E9DC04 /* Debug */ = {
			isa = XCBuildConfiguration;
			baseConfigurationReference = 3C7F78389A3C2BB1C040D103 /* Pods-SnipTests.debug.xcconfig */;
			buildSettings = {
				ALWAYS_EMBED_SWIFT_STANDARD_LIBRARIES = YES;
				BUNDLE_LOADER = "$(TEST_HOST)";
				CODE_SIGN_STYLE = Automatic;
				DEVELOPMENT_TEAM = 6X8EXGXZW8;
				INFOPLIST_FILE = SnipTests/Info.plist;
				LD_RUNPATH_SEARCH_PATHS = (
					"$(inherited)",
					"@executable_path/Frameworks",
					"@loader_path/Frameworks",
				);
				PRODUCT_BUNDLE_IDENTIFIER = com.sameerkhavanekar.SnipTests;
				PRODUCT_NAME = "$(TARGET_NAME)";
				SWIFT_VERSION = 4.0;
				TARGETED_DEVICE_FAMILY = "1,2";
				TEST_HOST = "$(BUILT_PRODUCTS_DIR)/Snip.app/Snip";
			};
			name = Debug;
		};
		42E396A520DF1D6200E9DC04 /* Release */ = {
			isa = XCBuildConfiguration;
			baseConfigurationReference = 1B749D2693967E495988EC57 /* Pods-SnipTests.release.xcconfig */;
			buildSettings = {
				ALWAYS_EMBED_SWIFT_STANDARD_LIBRARIES = YES;
				BUNDLE_LOADER = "$(TEST_HOST)";
				CODE_SIGN_STYLE = Automatic;
				DEVELOPMENT_TEAM = 6X8EXGXZW8;
				INFOPLIST_FILE = SnipTests/Info.plist;
				LD_RUNPATH_SEARCH_PATHS = (
					"$(inherited)",
					"@executable_path/Frameworks",
					"@loader_path/Frameworks",
				);
				PRODUCT_BUNDLE_IDENTIFIER = com.sameerkhavanekar.SnipTests;
				PRODUCT_NAME = "$(TARGET_NAME)";
				SWIFT_VERSION = 4.0;
				TARGETED_DEVICE_FAMILY = "1,2";
				TEST_HOST = "$(BUILT_PRODUCTS_DIR)/Snip.app/Snip";
			};
			name = Release;
		};
		42E396A720DF1D6200E9DC04 /* Debug */ = {
			isa = XCBuildConfiguration;
			baseConfigurationReference = 3396135C70C1C7FA37629497 /* Pods-SnipUITests.debug.xcconfig */;
			buildSettings = {
				ALWAYS_EMBED_SWIFT_STANDARD_LIBRARIES = YES;
				CODE_SIGN_STYLE = Automatic;
				DEVELOPMENT_TEAM = 6X8EXGXZW8;
				INFOPLIST_FILE = SnipUITests/Info.plist;
				LD_RUNPATH_SEARCH_PATHS = (
					"$(inherited)",
					"@executable_path/Frameworks",
					"@loader_path/Frameworks",
				);
				PRODUCT_BUNDLE_IDENTIFIER = com.sameerkhavanekar.SnipUITests;
				PRODUCT_NAME = "$(TARGET_NAME)";
				SWIFT_VERSION = 4.0;
				TARGETED_DEVICE_FAMILY = "1,2";
				TEST_TARGET_NAME = Snip;
			};
			name = Debug;
		};
		42E396A820DF1D6200E9DC04 /* Release */ = {
			isa = XCBuildConfiguration;
			baseConfigurationReference = B816EB12A430B89997B2F971 /* Pods-SnipUITests.release.xcconfig */;
			buildSettings = {
				ALWAYS_EMBED_SWIFT_STANDARD_LIBRARIES = YES;
				CODE_SIGN_STYLE = Automatic;
				DEVELOPMENT_TEAM = 6X8EXGXZW8;
				INFOPLIST_FILE = SnipUITests/Info.plist;
				LD_RUNPATH_SEARCH_PATHS = (
					"$(inherited)",
					"@executable_path/Frameworks",
					"@loader_path/Frameworks",
				);
				PRODUCT_BUNDLE_IDENTIFIER = com.sameerkhavanekar.SnipUITests;
				PRODUCT_NAME = "$(TARGET_NAME)";
				SWIFT_VERSION = 4.0;
				TARGETED_DEVICE_FAMILY = "1,2";
				TEST_TARGET_NAME = Snip;
			};
			name = Release;
		};
/* End XCBuildConfiguration section */

/* Begin XCConfigurationList section */
		42E3967320DF1D6000E9DC04 /* Build configuration list for PBXProject "Snip" */ = {
			isa = XCConfigurationList;
			buildConfigurations = (
				42E3969E20DF1D6200E9DC04 /* Debug */,
				42E3969F20DF1D6200E9DC04 /* Release */,
			);
			defaultConfigurationIsVisible = 0;
			defaultConfigurationName = Release;
		};
		42E396A020DF1D6200E9DC04 /* Build configuration list for PBXNativeTarget "Snip" */ = {
			isa = XCConfigurationList;
			buildConfigurations = (
				42E396A120DF1D6200E9DC04 /* Debug */,
				42E396A220DF1D6200E9DC04 /* Release */,
			);
			defaultConfigurationIsVisible = 0;
			defaultConfigurationName = Release;
		};
		42E396A320DF1D6200E9DC04 /* Build configuration list for PBXNativeTarget "SnipTests" */ = {
			isa = XCConfigurationList;
			buildConfigurations = (
				42E396A420DF1D6200E9DC04 /* Debug */,
				42E396A520DF1D6200E9DC04 /* Release */,
			);
			defaultConfigurationIsVisible = 0;
			defaultConfigurationName = Release;
		};
		42E396A620DF1D6200E9DC04 /* Build configuration list for PBXNativeTarget "SnipUITests" */ = {
			isa = XCConfigurationList;
			buildConfigurations = (
				42E396A720DF1D6200E9DC04 /* Debug */,
				42E396A820DF1D6200E9DC04 /* Release */,
			);
			defaultConfigurationIsVisible = 0;
			defaultConfigurationName = Release;
		};
/* End XCConfigurationList section */
	};
	rootObject = 42E3967020DF1D6000E9DC04 /* Project object */;
}
