// !$*UTF8*$!
{
	archiveVersion = 1;
	classes = {
	};
	objectVersion = 50;
	objects = {

/* Begin PBXBuildFile section */
		425FF62E20E04B6C00625A02 /* AppDelegate.swift in Sources */ = {isa = PBXBuildFile; fileRef = 425FF62D20E04B6C00625A02 /* AppDelegate.swift */; };
		425FF63320E04B6C00625A02 /* Main.storyboard in Resources */ = {isa = PBXBuildFile; fileRef = 425FF63120E04B6C00625A02 /* Main.storyboard */; };
		425FF63520E04B6D00625A02 /* Assets.xcassets in Resources */ = {isa = PBXBuildFile; fileRef = 425FF63420E04B6D00625A02 /* Assets.xcassets */; };
		425FF63820E04B6D00625A02 /* LaunchScreen.storyboard in Resources */ = {isa = PBXBuildFile; fileRef = 425FF63620E04B6D00625A02 /* LaunchScreen.storyboard */; };
		425FF64320E04B6D00625A02 /* GithubFeedTests.swift in Sources */ = {isa = PBXBuildFile; fileRef = 425FF64220E04B6D00625A02 /* GithubFeedTests.swift */; };
		425FF64E20E04B6D00625A02 /* GithubFeedUITests.swift in Sources */ = {isa = PBXBuildFile; fileRef = 425FF64D20E04B6D00625A02 /* GithubFeedUITests.swift */; };
		425FF65F20E04CC200625A02 /* RepoFeedViewController.swift in Sources */ = {isa = PBXBuildFile; fileRef = 425FF65E20E04CC200625A02 /* RepoFeedViewController.swift */; };
/* End PBXBuildFile section */

/* Begin PBXContainerItemProxy section */
		425FF63F20E04B6D00625A02 /* PBXContainerItemProxy */ = {
			isa = PBXContainerItemProxy;
			containerPortal = 425FF62220E04B6C00625A02 /* Project object */;
			proxyType = 1;
			remoteGlobalIDString = 425FF62920E04B6C00625A02;
			remoteInfo = GithubFeed;
		};
		425FF64A20E04B6D00625A02 /* PBXContainerItemProxy */ = {
			isa = PBXContainerItemProxy;
			containerPortal = 425FF62220E04B6C00625A02 /* Project object */;
			proxyType = 1;
			remoteGlobalIDString = 425FF62920E04B6C00625A02;
			remoteInfo = GithubFeed;
		};
/* End PBXContainerItemProxy section */

/* Begin PBXFileReference section */
		425FF62A20E04B6C00625A02 /* GithubFeed.app */ = {isa = PBXFileReference; explicitFileType = wrapper.application; includeInIndex = 0; path = GithubFeed.app; sourceTree = BUILT_PRODUCTS_DIR; };
		425FF62D20E04B6C00625A02 /* AppDelegate.swift */ = {isa = PBXFileReference; lastKnownFileType = sourcecode.swift; path = AppDelegate.swift; sourceTree = "<group>"; };
		425FF63220E04B6C00625A02 /* Base */ = {isa = PBXFileReference; lastKnownFileType = file.storyboard; name = Base; path = Base.lproj/Main.storyboard; sourceTree = "<group>"; };
		425FF63420E04B6D00625A02 /* Assets.xcassets */ = {isa = PBXFileReference; lastKnownFileType = folder.assetcatalog; path = Assets.xcassets; sourceTree = "<group>"; };
		425FF63720E04B6D00625A02 /* Base */ = {isa = PBXFileReference; lastKnownFileType = file.storyboard; name = Base; path = Base.lproj/LaunchScreen.storyboard; sourceTree = "<group>"; };
		425FF63920E04B6D00625A02 /* Info.plist */ = {isa = PBXFileReference; lastKnownFileType = text.plist.xml; path = Info.plist; sourceTree = "<group>"; };
		425FF63E20E04B6D00625A02 /* GithubFeedTests.xctest */ = {isa = PBXFileReference; explicitFileType = wrapper.cfbundle; includeInIndex = 0; path = GithubFeedTests.xctest; sourceTree = BUILT_PRODUCTS_DIR; };
		425FF64220E04B6D00625A02 /* GithubFeedTests.swift */ = {isa = PBXFileReference; lastKnownFileType = sourcecode.swift; path = GithubFeedTests.swift; sourceTree = "<group>"; };
		425FF64420E04B6D00625A02 /* Info.plist */ = {isa = PBXFileReference; lastKnownFileType = text.plist.xml; path = Info.plist; sourceTree = "<group>"; };
		425FF64920E04B6D00625A02 /* GithubFeedUITests.xctest */ = {isa = PBXFileReference; explicitFileType = wrapper.cfbundle; includeInIndex = 0; path = GithubFeedUITests.xctest; sourceTree = BUILT_PRODUCTS_DIR; };
		425FF64D20E04B6D00625A02 /* GithubFeedUITests.swift */ = {isa = PBXFileReference; lastKnownFileType = sourcecode.swift; path = GithubFeedUITests.swift; sourceTree = "<group>"; };
		425FF64F20E04B6D00625A02 /* Info.plist */ = {isa = PBXFileReference; lastKnownFileType = text.plist.xml; path = Info.plist; sourceTree = "<group>"; };
		425FF65E20E04CC200625A02 /* RepoFeedViewController.swift */ = {isa = PBXFileReference; lastKnownFileType = sourcecode.swift; path = RepoFeedViewController.swift; sourceTree = "<group>"; };
/* End PBXFileReference section */

/* Begin PBXFrameworksBuildPhase section */
		425FF62720E04B6C00625A02 /* Frameworks */ = {
			isa = PBXFrameworksBuildPhase;
			buildActionMask = 2147483647;
			files = (
			);
			runOnlyForDeploymentPostprocessing = 0;
		};
		425FF63B20E04B6D00625A02 /* Frameworks */ = {
			isa = PBXFrameworksBuildPhase;
			buildActionMask = 2147483647;
			files = (
			);
			runOnlyForDeploymentPostprocessing = 0;
		};
		425FF64620E04B6D00625A02 /* Frameworks */ = {
			isa = PBXFrameworksBuildPhase;
			buildActionMask = 2147483647;
			files = (
			);
			runOnlyForDeploymentPostprocessing = 0;
		};
/* End PBXFrameworksBuildPhase section */

/* Begin PBXGroup section */
		425FF62120E04B6C00625A02 = {
			isa = PBXGroup;
			children = (
				425FF62C20E04B6C00625A02 /* GithubFeed */,
				425FF64120E04B6D00625A02 /* GithubFeedTests */,
				425FF64C20E04B6D00625A02 /* GithubFeedUITests */,
				425FF62B20E04B6C00625A02 /* Products */,
			);
			sourceTree = "<group>";
		};
		425FF62B20E04B6C00625A02 /* Products */ = {
			isa = PBXGroup;
			children = (
				425FF62A20E04B6C00625A02 /* GithubFeed.app */,
				425FF63E20E04B6D00625A02 /* GithubFeedTests.xctest */,
				425FF64920E04B6D00625A02 /* GithubFeedUITests.xctest */,
			);
			name = Products;
			sourceTree = "<group>";
		};
		425FF62C20E04B6C00625A02 /* GithubFeed */ = {
			isa = PBXGroup;
			children = (
				425FF66020E04CEB00625A02 /* Models */,
				425FF65B20E04B7500625A02 /* Resources */,
				425FF65D20E04BA100625A02 /* Storyboards */,
				425FF65C20E04B8E00625A02 /* ViewControllers */,
			);
			path = GithubFeed;
			sourceTree = "<group>";
		};
		425FF64120E04B6D00625A02 /* GithubFeedTests */ = {
			isa = PBXGroup;
			children = (
				425FF64220E04B6D00625A02 /* GithubFeedTests.swift */,
				425FF64420E04B6D00625A02 /* Info.plist */,
			);
			path = GithubFeedTests;
			sourceTree = "<group>";
		};
		425FF64C20E04B6D00625A02 /* GithubFeedUITests */ = {
			isa = PBXGroup;
			children = (
				425FF64D20E04B6D00625A02 /* GithubFeedUITests.swift */,
				425FF64F20E04B6D00625A02 /* Info.plist */,
			);
			path = GithubFeedUITests;
			sourceTree = "<group>";
		};
		425FF65B20E04B7500625A02 /* Resources */ = {
			isa = PBXGroup;
			children = (
				425FF62D20E04B6C00625A02 /* AppDelegate.swift */,
				425FF63420E04B6D00625A02 /* Assets.xcassets */,
				425FF63620E04B6D00625A02 /* LaunchScreen.storyboard */,
				425FF63920E04B6D00625A02 /* Info.plist */,
			);
			name = Resources;
			sourceTree = "<group>";
		};
		425FF65C20E04B8E00625A02 /* ViewControllers */ = {
			isa = PBXGroup;
			children = (
				425FF65E20E04CC200625A02 /* RepoFeedViewController.swift */,
			);
			path = ViewControllers;
			sourceTree = "<group>";
		};
		425FF65D20E04BA100625A02 /* Storyboards */ = {
			isa = PBXGroup;
			children = (
				425FF63120E04B6C00625A02 /* Main.storyboard */,
			);
			path = Storyboards;
			sourceTree = "<group>";
		};
		425FF66020E04CEB00625A02 /* Models */ = {
			isa = PBXGroup;
			children = (
			);
			path = Models;
			sourceTree = "<group>";
		};
/* End PBXGroup section */

/* Begin PBXNativeTarget section */
		425FF62920E04B6C00625A02 /* GithubFeed */ = {
			isa = PBXNativeTarget;
			buildConfigurationList = 425FF65220E04B6D00625A02 /* Build configuration list for PBXNativeTarget "GithubFeed" */;
			buildPhases = (
				425FF62620E04B6C00625A02 /* Sources */,
				425FF62720E04B6C00625A02 /* Frameworks */,
				425FF62820E04B6C00625A02 /* Resources */,
			);
			buildRules = (
			);
			dependencies = (
			);
			name = GithubFeed;
			productName = GithubFeed;
			productReference = 425FF62A20E04B6C00625A02 /* GithubFeed.app */;
			productType = "com.apple.product-type.application";
		};
		425FF63D20E04B6D00625A02 /* GithubFeedTests */ = {
			isa = PBXNativeTarget;
			buildConfigurationList = 425FF65520E04B6D00625A02 /* Build configuration list for PBXNativeTarget "GithubFeedTests" */;
			buildPhases = (
				425FF63A20E04B6D00625A02 /* Sources */,
				425FF63B20E04B6D00625A02 /* Frameworks */,
				425FF63C20E04B6D00625A02 /* Resources */,
			);
			buildRules = (
			);
			dependencies = (
				425FF64020E04B6D00625A02 /* PBXTargetDependency */,
			);
			name = GithubFeedTests;
			productName = GithubFeedTests;
			productReference = 425FF63E20E04B6D00625A02 /* GithubFeedTests.xctest */;
			productType = "com.apple.product-type.bundle.unit-test";
		};
		425FF64820E04B6D00625A02 /* GithubFeedUITests */ = {
			isa = PBXNativeTarget;
			buildConfigurationList = 425FF65820E04B6D00625A02 /* Build configuration list for PBXNativeTarget "GithubFeedUITests" */;
			buildPhases = (
				425FF64520E04B6D00625A02 /* Sources */,
				425FF64620E04B6D00625A02 /* Frameworks */,
				425FF64720E04B6D00625A02 /* Resources */,
			);
			buildRules = (
			);
			dependencies = (
				425FF64B20E04B6D00625A02 /* PBXTargetDependency */,
			);
			name = GithubFeedUITests;
			productName = GithubFeedUITests;
			productReference = 425FF64920E04B6D00625A02 /* GithubFeedUITests.xctest */;
			productType = "com.apple.product-type.bundle.ui-testing";
		};
/* End PBXNativeTarget section */

/* Begin PBXProject section */
		425FF62220E04B6C00625A02 /* Project object */ = {
			isa = PBXProject;
			attributes = {
				LastSwiftUpdateCheck = 0940;
				LastUpgradeCheck = 0940;
				ORGANIZATIONNAME = "Sameer Khavanekar";
				TargetAttributes = {
					425FF62920E04B6C00625A02 = {
						CreatedOnToolsVersion = 9.4.1;
					};
					425FF63D20E04B6D00625A02 = {
						CreatedOnToolsVersion = 9.4.1;
						TestTargetID = 425FF62920E04B6C00625A02;
					};
					425FF64820E04B6D00625A02 = {
						CreatedOnToolsVersion = 9.4.1;
						TestTargetID = 425FF62920E04B6C00625A02;
					};
				};
			};
			buildConfigurationList = 425FF62520E04B6C00625A02 /* Build configuration list for PBXProject "GithubFeed" */;
			compatibilityVersion = "Xcode 9.3";
			developmentRegion = en;
			hasScannedForEncodings = 0;
			knownRegions = (
				en,
				Base,
			);
			mainGroup = 425FF62120E04B6C00625A02;
			productRefGroup = 425FF62B20E04B6C00625A02 /* Products */;
			projectDirPath = "";
			projectRoot = "";
			targets = (
				425FF62920E04B6C00625A02 /* GithubFeed */,
				425FF63D20E04B6D00625A02 /* GithubFeedTests */,
				425FF64820E04B6D00625A02 /* GithubFeedUITests */,
			);
		};
/* End PBXProject section */

/* Begin PBXResourcesBuildPhase section */
		425FF62820E04B6C00625A02 /* Resources */ = {
			isa = PBXResourcesBuildPhase;
			buildActionMask = 2147483647;
			files = (
				425FF63820E04B6D00625A02 /* LaunchScreen.storyboard in Resources */,
				425FF63520E04B6D00625A02 /* Assets.xcassets in Resources */,
				425FF63320E04B6C00625A02 /* Main.storyboard in Resources */,
			);
			runOnlyForDeploymentPostprocessing = 0;
		};
		425FF63C20E04B6D00625A02 /* Resources */ = {
			isa = PBXResourcesBuildPhase;
			buildActionMask = 2147483647;
			files = (
			);
			runOnlyForDeploymentPostprocessing = 0;
		};
		425FF64720E04B6D00625A02 /* Resources */ = {
			isa = PBXResourcesBuildPhase;
			buildActionMask = 2147483647;
			files = (
			);
			runOnlyForDeploymentPostprocessing = 0;
		};
/* End PBXResourcesBuildPhase section */

/* Begin PBXSourcesBuildPhase section */
		425FF62620E04B6C00625A02 /* Sources */ = {
			isa = PBXSourcesBuildPhase;
			buildActionMask = 2147483647;
			files = (
				425FF65F20E04CC200625A02 /* RepoFeedViewController.swift in Sources */,
				425FF62E20E04B6C00625A02 /* AppDelegate.swift in Sources */,
			);
			runOnlyForDeploymentPostprocessing = 0;
		};
		425FF63A20E04B6D00625A02 /* Sources */ = {
			isa = PBXSourcesBuildPhase;
			buildActionMask = 2147483647;
			files = (
				425FF64320E04B6D00625A02 /* GithubFeedTests.swift in Sources */,
			);
			runOnlyForDeploymentPostprocessing = 0;
		};
		425FF64520E04B6D00625A02 /* Sources */ = {
			isa = PBXSourcesBuildPhase;
			buildActionMask = 2147483647;
			files = (
				425FF64E20E04B6D00625A02 /* GithubFeedUITests.swift in Sources */,
			);
			runOnlyForDeploymentPostprocessing = 0;
		};
/* End PBXSourcesBuildPhase section */

/* Begin PBXTargetDependency section */
		425FF64020E04B6D00625A02 /* PBXTargetDependency */ = {
			isa = PBXTargetDependency;
			target = 425FF62920E04B6C00625A02 /* GithubFeed */;
			targetProxy = 425FF63F20E04B6D00625A02 /* PBXContainerItemProxy */;
		};
		425FF64B20E04B6D00625A02 /* PBXTargetDependency */ = {
			isa = PBXTargetDependency;
			target = 425FF62920E04B6C00625A02 /* GithubFeed */;
			targetProxy = 425FF64A20E04B6D00625A02 /* PBXContainerItemProxy */;
		};
/* End PBXTargetDependency section */

/* Begin PBXVariantGroup section */
		425FF63120E04B6C00625A02 /* Main.storyboard */ = {
			isa = PBXVariantGroup;
			children = (
				425FF63220E04B6C00625A02 /* Base */,
			);
			name = Main.storyboard;
			sourceTree = "<group>";
		};
		425FF63620E04B6D00625A02 /* LaunchScreen.storyboard */ = {
			isa = PBXVariantGroup;
			children = (
				425FF63720E04B6D00625A02 /* Base */,
			);
			name = LaunchScreen.storyboard;
			sourceTree = "<group>";
		};
/* End PBXVariantGroup section */

/* Begin XCBuildConfiguration section */
		425FF65020E04B6D00625A02 /* Debug */ = {
			isa = XCBuildConfiguration;
			buildSettings = {
				ALWAYS_SEARCH_USER_PATHS = NO;
				CLANG_ANALYZER_NONNULL = YES;
				CLANG_ANALYZER_NUMBER_OBJECT_CONVERSION = YES_AGGRESSIVE;
				CLANG_CXX_LANGUAGE_STANDARD = "gnu++14";
				CLANG_CXX_LIBRARY = "libc++";
				CLANG_ENABLE_MODULES = YES;
				CLANG_ENABLE_OBJC_ARC = YES;
				CLANG_ENABLE_OBJC_WEAK = YES;
				CLANG_WARN_BLOCK_CAPTURE_AUTORELEASING = YES;
				CLANG_WARN_BOOL_CONVERSION = YES;
				CLANG_WARN_COMMA = YES;
				CLANG_WARN_CONSTANT_CONVERSION = YES;
				CLANG_WARN_DEPRECATED_OBJC_IMPLEMENTATIONS = YES;
				CLANG_WARN_DIRECT_OBJC_ISA_USAGE = YES_ERROR;
				CLANG_WARN_DOCUMENTATION_COMMENTS = YES;
				CLANG_WARN_EMPTY_BODY = YES;
				CLANG_WARN_ENUM_CONVERSION = YES;
				CLANG_WARN_INFINITE_RECURSION = YES;
				CLANG_WARN_INT_CONVERSION = YES;
				CLANG_WARN_NON_LITERAL_NULL_CONVERSION = YES;
				CLANG_WARN_OBJC_IMPLICIT_RETAIN_SELF = YES;
				CLANG_WARN_OBJC_LITERAL_CONVERSION = YES;
				CLANG_WARN_OBJC_ROOT_CLASS = YES_ERROR;
				CLANG_WARN_RANGE_LOOP_ANALYSIS = YES;
				CLANG_WARN_STRICT_PROTOTYPES = YES;
				CLANG_WARN_SUSPICIOUS_MOVE = YES;
				CLANG_WARN_UNGUARDED_AVAILABILITY = YES_AGGRESSIVE;
				CLANG_WARN_UNREACHABLE_CODE = YES;
				CLANG_WARN__DUPLICATE_METHOD_MATCH = YES;
				CODE_SIGN_IDENTITY = "iPhone Developer";
				COPY_PHASE_STRIP = NO;
				DEBUG_INFORMATION_FORMAT = dwarf;
				ENABLE_STRICT_OBJC_MSGSEND = YES;
				ENABLE_TESTABILITY = YES;
				GCC_C_LANGUAGE_STANDARD = gnu11;
				GCC_DYNAMIC_NO_PIC = NO;
				GCC_NO_COMMON_BLOCKS = YES;
				GCC_OPTIMIZATION_LEVEL = 0;
				GCC_PREPROCESSOR_DEFINITIONS = (
					"DEBUG=1",
					"$(inherited)",
				);
				GCC_WARN_64_TO_32_BIT_CONVERSION = YES;
				GCC_WARN_ABOUT_RETURN_TYPE = YES_ERROR;
				GCC_WARN_UNDECLARED_SELECTOR = YES;
				GCC_WARN_UNINITIALIZED_AUTOS = YES_AGGRESSIVE;
				GCC_WARN_UNUSED_FUNCTION = YES;
				GCC_WARN_UNUSED_VARIABLE = YES;
				IPHONEOS_DEPLOYMENT_TARGET = 11.4;
				MTL_ENABLE_DEBUG_INFO = YES;
				ONLY_ACTIVE_ARCH = YES;
				SDKROOT = iphoneos;
				SWIFT_ACTIVE_COMPILATION_CONDITIONS = DEBUG;
				SWIFT_OPTIMIZATION_LEVEL = "-Onone";
			};
			name = Debug;
		};
		425FF65120E04B6D00625A02 /* Release */ = {
			isa = XCBuildConfiguration;
			buildSettings = {
				ALWAYS_SEARCH_USER_PATHS = NO;
				CLANG_ANALYZER_NONNULL = YES;
				CLANG_ANALYZER_NUMBER_OBJECT_CONVERSION = YES_AGGRESSIVE;
				CLANG_CXX_LANGUAGE_STANDARD = "gnu++14";
				CLANG_CXX_LIBRARY = "libc++";
				CLANG_ENABLE_MODULES = YES;
				CLANG_ENABLE_OBJC_ARC = YES;
				CLANG_ENABLE_OBJC_WEAK = YES;
				CLANG_WARN_BLOCK_CAPTURE_AUTORELEASING = YES;
				CLANG_WARN_BOOL_CONVERSION = YES;
				CLANG_WARN_COMMA = YES;
				CLANG_WARN_CONSTANT_CONVERSION = YES;
				CLANG_WARN_DEPRECATED_OBJC_IMPLEMENTATIONS = YES;
				CLANG_WARN_DIRECT_OBJC_ISA_USAGE = YES_ERROR;
				CLANG_WARN_DOCUMENTATION_COMMENTS = YES;
				CLANG_WARN_EMPTY_BODY = YES;
				CLANG_WARN_ENUM_CONVERSION = YES;
				CLANG_WARN_INFINITE_RECURSION = YES;
				CLANG_WARN_INT_CONVERSION = YES;
				CLANG_WARN_NON_LITERAL_NULL_CONVERSION = YES;
				CLANG_WARN_OBJC_IMPLICIT_RETAIN_SELF = YES;
				CLANG_WARN_OBJC_LITERAL_CONVERSION = YES;
				CLANG_WARN_OBJC_ROOT_CLASS = YES_ERROR;
				CLANG_WARN_RANGE_LOOP_ANALYSIS = YES;
				CLANG_WARN_STRICT_PROTOTYPES = YES;
				CLANG_WARN_SUSPICIOUS_MOVE = YES;
				CLANG_WARN_UNGUARDED_AVAILABILITY = YES_AGGRESSIVE;
				CLANG_WARN_UNREACHABLE_CODE = YES;
				CLANG_WARN__DUPLICATE_METHOD_MATCH = YES;
				CODE_SIGN_IDENTITY = "iPhone Developer";
				COPY_PHASE_STRIP = NO;
				DEBUG_INFORMATION_FORMAT = "dwarf-with-dsym";
				ENABLE_NS_ASSERTIONS = NO;
				ENABLE_STRICT_OBJC_MSGSEND = YES;
				GCC_C_LANGUAGE_STANDARD = gnu11;
				GCC_NO_COMMON_BLOCKS = YES;
				GCC_WARN_64_TO_32_BIT_CONVERSION = YES;
				GCC_WARN_ABOUT_RETURN_TYPE = YES_ERROR;
				GCC_WARN_UNDECLARED_SELECTOR = YES;
				GCC_WARN_UNINITIALIZED_AUTOS = YES_AGGRESSIVE;
				GCC_WARN_UNUSED_FUNCTION = YES;
				GCC_WARN_UNUSED_VARIABLE = YES;
				IPHONEOS_DEPLOYMENT_TARGET = 11.4;
				MTL_ENABLE_DEBUG_INFO = NO;
				SDKROOT = iphoneos;
				SWIFT_COMPILATION_MODE = wholemodule;
				SWIFT_OPTIMIZATION_LEVEL = "-O";
				VALIDATE_PRODUCT = YES;
			};
			name = Release;
		};
		425FF65320E04B6D00625A02 /* Debug */ = {
			isa = XCBuildConfiguration;
			buildSettings = {
				ASSETCATALOG_COMPILER_APPICON_NAME = AppIcon;
				CODE_SIGN_STYLE = Automatic;
				DEVELOPMENT_TEAM = 6X8EXGXZW8;
				INFOPLIST_FILE = GithubFeed/Info.plist;
				LD_RUNPATH_SEARCH_PATHS = (
					"$(inherited)",
					"@executable_path/Frameworks",
				);
				PRODUCT_BUNDLE_IDENTIFIER = com.sameerkhavanekar.GithubFeed;
				PRODUCT_NAME = "$(TARGET_NAME)";
				SWIFT_VERSION = 4.0;
				TARGETED_DEVICE_FAMILY = "1,2";
			};
			name = Debug;
		};
		425FF65420E04B6D00625A02 /* Release */ = {
			isa = XCBuildConfiguration;
			buildSettings = {
				ASSETCATALOG_COMPILER_APPICON_NAME = AppIcon;
				CODE_SIGN_STYLE = Automatic;
				DEVELOPMENT_TEAM = 6X8EXGXZW8;
				INFOPLIST_FILE = GithubFeed/Info.plist;
				LD_RUNPATH_SEARCH_PATHS = (
					"$(inherited)",
					"@executable_path/Frameworks",
				);
				PRODUCT_BUNDLE_IDENTIFIER = com.sameerkhavanekar.GithubFeed;
				PRODUCT_NAME = "$(TARGET_NAME)";
				SWIFT_VERSION = 4.0;
				TARGETED_DEVICE_FAMILY = "1,2";
			};
			name = Release;
		};
		425FF65620E04B6D00625A02 /* Debug */ = {
			isa = XCBuildConfiguration;
			buildSettings = {
				ALWAYS_EMBED_SWIFT_STANDARD_LIBRARIES = YES;
				BUNDLE_LOADER = "$(TEST_HOST)";
				CODE_SIGN_STYLE = Automatic;
				DEVELOPMENT_TEAM = 6X8EXGXZW8;
				INFOPLIST_FILE = GithubFeedTests/Info.plist;
				LD_RUNPATH_SEARCH_PATHS = (
					"$(inherited)",
					"@executable_path/Frameworks",
					"@loader_path/Frameworks",
				);
				PRODUCT_BUNDLE_IDENTIFIER = com.sameerkhavanekar.GithubFeedTests;
				PRODUCT_NAME = "$(TARGET_NAME)";
				SWIFT_VERSION = 4.0;
				TARGETED_DEVICE_FAMILY = "1,2";
				TEST_HOST = "$(BUILT_PRODUCTS_DIR)/GithubFeed.app/GithubFeed";
			};
			name = Debug;
		};
		425FF65720E04B6D00625A02 /* Release */ = {
			isa = XCBuildConfiguration;
			buildSettings = {
				ALWAYS_EMBED_SWIFT_STANDARD_LIBRARIES = YES;
				BUNDLE_LOADER = "$(TEST_HOST)";
				CODE_SIGN_STYLE = Automatic;
				DEVELOPMENT_TEAM = 6X8EXGXZW8;
				INFOPLIST_FILE = GithubFeedTests/Info.plist;
				LD_RUNPATH_SEARCH_PATHS = (
					"$(inherited)",
					"@executable_path/Frameworks",
					"@loader_path/Frameworks",
				);
				PRODUCT_BUNDLE_IDENTIFIER = com.sameerkhavanekar.GithubFeedTests;
				PRODUCT_NAME = "$(TARGET_NAME)";
				SWIFT_VERSION = 4.0;
				TARGETED_DEVICE_FAMILY = "1,2";
				TEST_HOST = "$(BUILT_PRODUCTS_DIR)/GithubFeed.app/GithubFeed";
			};
			name = Release;
		};
		425FF65920E04B6D00625A02 /* Debug */ = {
			isa = XCBuildConfiguration;
			buildSettings = {
				ALWAYS_EMBED_SWIFT_STANDARD_LIBRARIES = YES;
				CODE_SIGN_STYLE = Automatic;
				DEVELOPMENT_TEAM = 6X8EXGXZW8;
				INFOPLIST_FILE = GithubFeedUITests/Info.plist;
				LD_RUNPATH_SEARCH_PATHS = (
					"$(inherited)",
					"@executable_path/Frameworks",
					"@loader_path/Frameworks",
				);
				PRODUCT_BUNDLE_IDENTIFIER = com.sameerkhavanekar.GithubFeedUITests;
				PRODUCT_NAME = "$(TARGET_NAME)";
				SWIFT_VERSION = 4.0;
				TARGETED_DEVICE_FAMILY = "1,2";
				TEST_TARGET_NAME = GithubFeed;
			};
			name = Debug;
		};
		425FF65A20E04B6D00625A02 /* Release */ = {
			isa = XCBuildConfiguration;
			buildSettings = {
				ALWAYS_EMBED_SWIFT_STANDARD_LIBRARIES = YES;
				CODE_SIGN_STYLE = Automatic;
				DEVELOPMENT_TEAM = 6X8EXGXZW8;
				INFOPLIST_FILE = GithubFeedUITests/Info.plist;
				LD_RUNPATH_SEARCH_PATHS = (
					"$(inherited)",
					"@executable_path/Frameworks",
					"@loader_path/Frameworks",
				);
				PRODUCT_BUNDLE_IDENTIFIER = com.sameerkhavanekar.GithubFeedUITests;
				PRODUCT_NAME = "$(TARGET_NAME)";
				SWIFT_VERSION = 4.0;
				TARGETED_DEVICE_FAMILY = "1,2";
				TEST_TARGET_NAME = GithubFeed;
			};
			name = Release;
		};
/* End XCBuildConfiguration section */

/* Begin XCConfigurationList section */
		425FF62520E04B6C00625A02 /* Build configuration list for PBXProject "GithubFeed" */ = {
			isa = XCConfigurationList;
			buildConfigurations = (
				425FF65020E04B6D00625A02 /* Debug */,
				425FF65120E04B6D00625A02 /* Release */,
			);
			defaultConfigurationIsVisible = 0;
			defaultConfigurationName = Release;
		};
		425FF65220E04B6D00625A02 /* Build configuration list for PBXNativeTarget "GithubFeed" */ = {
			isa = XCConfigurationList;
			buildConfigurations = (
				425FF65320E04B6D00625A02 /* Debug */,
				425FF65420E04B6D00625A02 /* Release */,
			);
			defaultConfigurationIsVisible = 0;
			defaultConfigurationName = Release;
		};
		425FF65520E04B6D00625A02 /* Build configuration list for PBXNativeTarget "GithubFeedTests" */ = {
			isa = XCConfigurationList;
			buildConfigurations = (
				425FF65620E04B6D00625A02 /* Debug */,
				425FF65720E04B6D00625A02 /* Release */,
			);
			defaultConfigurationIsVisible = 0;
			defaultConfigurationName = Release;
		};
		425FF65820E04B6D00625A02 /* Build configuration list for PBXNativeTarget "GithubFeedUITests" */ = {
			isa = XCConfigurationList;
			buildConfigurations = (
				425FF65920E04B6D00625A02 /* Debug */,
				425FF65A20E04B6D00625A02 /* Release */,
			);
			defaultConfigurationIsVisible = 0;
			defaultConfigurationName = Release;
		};
/* End XCConfigurationList section */
	};
	rootObject = 425FF62220E04B6C00625A02 /* Project object */;
}
